{
  "name": "iobroker.parcelnet",
  "version": "0.7.0-beta.2",
  "lockfileVersion": 3,
  "requires": true,
  "packages": {
    "": {
      "name": "iobroker.parcelnet",
      "version": "0.7.0-beta.2",
      "license": "MIT",
      "dependencies": {
        "@iobroker/adapter-core": "^3.2.3"
      },
      "engines": {
        "node": ">=16"
      }
    },
    "node_modules/@iobroker/adapter-core": {
      "version": "3.3.2",
      "resolved": "https://registry.npmjs.org/@iobroker/adapter-core/-/adapter-core-3.3.2.tgz",
      "integrity": "sha512-knuCX6F1JUTnY1OdHzDhwNtOoe9/RZgBziDKSzCO3E4koteY/KRqZ7gtzmoavcAokejG68S5osbEnIb4MYT3VA==",
      "license": "MIT",
      "engines": {
        "node": ">=16"
      },
      "peerDependencies": {
        "@iobroker/types": ">=6.0.11"
      }
    },
    "node_modules/@iobroker/types": {
      "version": "7.1.1",
      "resolved": "https://registry.npmjs.org/@iobroker/types/-/types-7.1.1.tgz",
      "integrity": "sha512-M4gfaJL2jaW12qjMzBg65wcR/9bzqpjxRr01NAdXhkYXVVCORvrYE9r8dnLeWpX5miBdT+tjBJD68wPEA03CZQ==",
      "license": "MIT",
      "peer": true,
      "engines": {
        "node": ">=12.0.0"
      }
    }
  }
}
