{
  "name": "iobroker.parcelnet",
  "version": "0.7.0-beta.21",
  "lockfileVersion": 3,
  "requires": true,
  "packages": {
    "": {
      "name": "iobroker.parcelnet",
      "version": "0.7.0-beta.21",
      "license": "MIT",
      "dependencies": {
        "@iobroker/adapter-core": "^3.3.2"
      },
      "devDependencies": {
        "@iobroker/testing": "^5.2.2",
        "@iobroker/types": "^7.0.6",
        "@types/node": "^22.15.3",
        "typescript": "^5.8.3"
      },
      "engines": {
        "node": ">=20"
      }
    }
  }
}
